schema: '2.0'
stages:
  load_data:
    cmd: python src\load_data.py --config=params.yaml
    deps:
    - path: actual_data\winequality.csv
      md5: ccc8d3507eb151f53f760d36abdef888
      size: 91998
    - path: src\get_data.py
      md5: 67a1f7ab124e06f3ab16abab3d4c9266
      size: 1045
    - path: src\load_data.py
      md5: 13b2d77fa8d5ccef5f13265a172c7d38
      size: 962
    outs:
    - path: data\raw\winequality.csv
      md5: d98e8f2eca228c11c4de1cc96866a54d
      size: 93598
  split_data:
    cmd: python src\split_data.py --config=params.yaml
    deps:
    - path: data\raw\winequality.csv
      md5: d98e8f2eca228c11c4de1cc96866a54d
      size: 93598
    - path: src\get_data.py
      md5: 67a1f7ab124e06f3ab16abab3d4c9266
      size: 1045
    outs:
    - path: data\Processed\test_winequality.csv
      md5: 87bb7f3248a55744bebead0980b351f2
      size: 18828
    - path: data\Processed\train_winequality.csv
      md5: 631807b5fb3ba0f0bb99658e8575617d
      size: 74916
  train_n_evaluate:
    cmd: python src\train_n_evaluate.py --config=params.yaml
    deps:
    - path: data\Processed\test_winequality.csv
      md5: 87bb7f3248a55744bebead0980b351f2
      size: 18828
    - path: data\Processed\train_winequality.csv
      md5: 631807b5fb3ba0f0bb99658e8575617d
      size: 74916
    - path: src\train_n_evaluate.py
      md5: 1f6352e4e8a077bc2578bbc21af5c6fc
      size: 2495
    params:
      params.yaml:
        estimators.Elastic_Net.params.alpha: 0.75
        estimators.Elastic_Net.params.l1_ratio: 0.3
    outs:
    - path: reports\params.json
      md5: e7d230d202dd44f1aa066039f76f1e42
      size: 45
    - path: reports\scores.json
      md5: 2d775a9b0ce86711864d526ceb2b420b
      size: 99
    - path: saved_models\model.joblib
      md5: a90d8ffacd9913eeb17f7b8036451b89
      size: 693
